
Microsoft Visual Studio Solution File, Format Version 12.00
# Visual Studio Version 16
VisualStudioVersion = 16.0.30413.136
MinimumVisualStudioVersion = 10.0.40219.1
Project("{FAE04EC0-301F-11D3-BF4B-00C04F79EFBC}") = "DangQuangAPI", "DangQuangAPI.csproj", "{69F40CC3-15D4-4B23-968E-8CD311579C3E}"
EndProject
Global
	GlobalSection(SolutionConfigurationPlatforms) = preSolution
		Debug|Any CPU = Debug|Any CPU
		Release|Any CPU = Release|Any CPU
	EndGlobalSection
	GlobalSection(ProjectConfigurationPlatforms) = postSolution
		{69F40CC3-15D4-4B23-968E-8CD311579C3E}.Debug|Any CPU.ActiveCfg = Debug|Any CPU
		{69F40CC3-15D4-4B23-968E-8CD311579C3E}.Debug|Any CPU.Build.0 = Debug|Any CPU
		{69F40CC3-15D4-4B23-968E-8CD311579C3E}.Release|Any CPU.ActiveCfg = Release|Any CPU
		{69F40CC3-15D4-4B23-968E-8CD311579C3E}.Release|Any CPU.Build.0 = Release|Any CPU
	EndGlobalSection
	GlobalSection(SolutionProperties) = preSolution
		HideSolutionNode = FALSE
	EndGlobalSection
	GlobalSection(ExtensibilityGlobals) = postSolution
		SolutionGuid = {BAEFBC05-FB8B-44E1-9320-3F00FFA70F97}
	EndGlobalSection
EndGlobal
